
Microsoft Visual Studio Solution File, Format Version 12.00
# Visual Studio Version 17
VisualStudioVersion = 17.4.33403.182
MinimumVisualStudioVersion = 10.0.40219.1
Project("{FAE04EC0-301F-11D3-BF4B-00C04F79EFBC}") = "LinkedList.Logic", "LinkedList.Logic\LinkedList.Logic.csproj", "{A98CFEF4-076B-49D8-A38D-0CAAF646080D}"
EndProject
Project("{FAE04EC0-301F-11D3-BF4B-00C04F79EFBC}") = "LinkedList.UI.Console", "LinkedList.UI.Console\LinkedList.UI.Console.csproj", "{55FEEE1B-B40E-4FA0-AFA6-54E5E944521E}"
EndProject
Global
	GlobalSection(SolutionConfigurationPlatforms) = preSolution
		Debug|Any CPU = Debug|Any CPU
		Release|Any CPU = Release|Any CPU
	EndGlobalSection
	GlobalSection(ProjectConfigurationPlatforms) = postSolution
		{A98CFEF4-076B-49D8-A38D-0CAAF646080D}.Debug|Any CPU.ActiveCfg = Debug|Any CPU
		{A98CFEF4-076B-49D8-A38D-0CAAF646080D}.Debug|Any CPU.Build.0 = Debug|Any CPU
		{A98CFEF4-076B-49D8-A38D-0CAAF646080D}.Release|Any CPU.ActiveCfg = Release|Any CPU
		{A98CFEF4-076B-49D8-A38D-0CAAF646080D}.Release|Any CPU.Build.0 = Release|Any CPU
		{55FEEE1B-B40E-4FA0-AFA6-54E5E944521E}.Debug|Any CPU.ActiveCfg = Debug|Any CPU
		{55FEEE1B-B40E-4FA0-AFA6-54E5E944521E}.Debug|Any CPU.Build.0 = Debug|Any CPU
		{55FEEE1B-B40E-4FA0-AFA6-54E5E944521E}.Release|Any CPU.ActiveCfg = Release|Any CPU
		{55FEEE1B-B40E-4FA0-AFA6-54E5E944521E}.Release|Any CPU.Build.0 = Release|Any CPU
	EndGlobalSection
	GlobalSection(SolutionProperties) = preSolution
		HideSolutionNode = FALSE
	EndGlobalSection
	GlobalSection(ExtensibilityGlobals) = postSolution
		SolutionGuid = {0B4DC048-CA57-4EB8-B4BF-CE40DE7C9E89}
	EndGlobalSection
EndGlobal
